// !$*UTF8*$!
{
	archiveVersion = 1;
	classes = {
	};
	objectVersion = 50;
	objects = {

/* Begin PBXBuildFile section */
		7116EB74236A8DD200DFACFA /* AppDelegate.swift in Sources */ = {isa = PBXBuildFile; fileRef = 7116EB73236A8DD200DFACFA /* AppDelegate.swift */; };
		7116EB76236A8DD200DFACFA /* ViewController.swift in Sources */ = {isa = PBXBuildFile; fileRef = 7116EB75236A8DD200DFACFA /* ViewController.swift */; };
		7116EB79236A8DD200DFACFA /* Main.storyboard in Resources */ = {isa = PBXBuildFile; fileRef = 7116EB77236A8DD200DFACFA /* Main.storyboard */; };
		7116EB7B236A8DD200DFACFA /* Assets.xcassets in Resources */ = {isa = PBXBuildFile; fileRef = 7116EB7A236A8DD200DFACFA /* Assets.xcassets */; };
		7116EB7E236A8DD200DFACFA /* LaunchScreen.storyboard in Resources */ = {isa = PBXBuildFile; fileRef = 7116EB7C236A8DD200DFACFA /* LaunchScreen.storyboard */; };
		7116EBA8236BA59700DFACFA /* Hammer.png in Resources */ = {isa = PBXBuildFile; fileRef = 7116EBA7236BA59700DFACFA /* Hammer.png */; };
/* End PBXBuildFile section */

/* Begin PBXFileReference section */
		7116EB70236A8DD200DFACFA /* Midterm Part-1.app */ = {isa = PBXFileReference; explicitFileType = wrapper.application; includeInIndex = 0; path = "Midterm Part-1.app"; sourceTree = BUILT_PRODUCTS_DIR; };
		7116EB73236A8DD200DFACFA /* AppDelegate.swift */ = {isa = PBXFileReference; lastKnownFileType = sourcecode.swift; path = AppDelegate.swift; sourceTree = "<group>"; };
		7116EB75236A8DD200DFACFA /* ViewController.swift */ = {isa = PBXFileReference; lastKnownFileType = sourcecode.swift; path = ViewController.swift; sourceTree = "<group>"; };
		7116EB78236A8DD200DFACFA /* Base */ = {isa = PBXFileReference; lastKnownFileType = file.storyboard; name = Base; path = Base.lproj/Main.storyboard; sourceTree = "<group>"; };
		7116EB7A236A8DD200DFACFA /* Assets.xcassets */ = {isa = PBXFileReference; lastKnownFileType = folder.assetcatalog; path = Assets.xcassets; sourceTree = "<group>"; };
		7116EB7D236A8DD200DFACFA /* Base */ = {isa = PBXFileReference; lastKnownFileType = file.storyboard; name = Base; path = Base.lproj/LaunchScreen.storyboard; sourceTree = "<group>"; };
		7116EB7F236A8DD200DFACFA /* Info.plist */ = {isa = PBXFileReference; lastKnownFileType = text.plist.xml; path = Info.plist; sourceTree = "<group>"; };
		7116EBA7236BA59700DFACFA /* Hammer.png */ = {isa = PBXFileReference; lastKnownFileType = image.png; path = Hammer.png; sourceTree = "<group>"; };
/* End PBXFileReference section */

/* Begin PBXFrameworksBuildPhase section */
		7116EB6D236A8DD200DFACFA /* Frameworks */ = {
			isa = PBXFrameworksBuildPhase;
			buildActionMask = 2147483647;
			files = (
			);
			runOnlyForDeploymentPostprocessing = 0;
		};
/* End PBXFrameworksBuildPhase section */

/* Begin PBXGroup section */
		7116EB67236A8DD200DFACFA = {
			isa = PBXGroup;
			children = (
				7116EB72236A8DD200DFACFA /* Midterm Part-1 */,
				7116EB71236A8DD200DFACFA /* Products */,
			);
			sourceTree = "<group>";
		};
		7116EB71236A8DD200DFACFA /* Products */ = {
			isa = PBXGroup;
			children = (
				7116EB70236A8DD200DFACFA /* Midterm Part-1.app */,
			);
			name = Products;
			sourceTree = "<group>";
		};
		7116EB72236A8DD200DFACFA /* Midterm Part-1 */ = {
			isa = PBXGroup;
			children = (
				7116EB73236A8DD200DFACFA /* AppDelegate.swift */,
				7116EBA7236BA59700DFACFA /* Hammer.png */,
				7116EB75236A8DD200DFACFA /* ViewController.swift */,
				7116EB77236A8DD200DFACFA /* Main.storyboard */,
				7116EB7A236A8DD200DFACFA /* Assets.xcassets */,
				7116EB7C236A8DD200DFACFA /* LaunchScreen.storyboard */,
				7116EB7F236A8DD200DFACFA /* Info.plist */,
			);
			path = "Midterm Part-1";
			sourceTree = "<group>";
		};
/* End PBXGroup section */

/* Begin PBXNativeTarget section */
		7116EB6F236A8DD200DFACFA /* Midterm Part-1 */ = {
			isa = PBXNativeTarget;
			buildConfigurationList = 7116EB82236A8DD200DFACFA /* Build configuration list for PBXNativeTarget "Midterm Part-1" */;
			buildPhases = (
				7116EB6C236A8DD200DFACFA /* Sources */,
				7116EB6D236A8DD200DFACFA /* Frameworks */,
				7116EB6E236A8DD200DFACFA /* Resources */,
			);
			buildRules = (
			);
			dependencies = (
			);
			name = "Midterm Part-1";
			productName = "Midterm Part-1";
			productReference = 7116EB70236A8DD200DFACFA /* Midterm Part-1.app */;
			productType = "com.apple.product-type.application";
		};
/* End PBXNativeTarget section */

/* Begin PBXProject section */
		7116EB68236A8DD200DFACFA /* Project object */ = {
			isa = PBXProject;
			attributes = {
				LastSwiftUpdateCheck = 1030;
				LastUpgradeCheck = 1030;
				ORGANIZATIONNAME = Srinath;
				TargetAttributes = {
					7116EB6F236A8DD200DFACFA = {
						CreatedOnToolsVersion = 10.3;
					};
				};
			};
			buildConfigurationList = 7116EB6B236A8DD200DFACFA /* Build configuration list for PBXProject "Midterm Part-1" */;
			compatibilityVersion = "Xcode 9.3";
			developmentRegion = en;
			hasScannedForEncodings = 0;
			knownRegions = (
				en,
				Base,
			);
			mainGroup = 7116EB67236A8DD200DFACFA;
			productRefGroup = 7116EB71236A8DD200DFACFA /* Products */;
			projectDirPath = "";
			projectRoot = "";
			targets = (
				7116EB6F236A8DD200DFACFA /* Midterm Part-1 */,
			);
		};
/* End PBXProject section */

/* Begin PBXResourcesBuildPhase section */
		7116EB6E236A8DD200DFACFA /* Resources */ = {
			isa = PBXResourcesBuildPhase;
			buildActionMask = 2147483647;
			files = (
				7116EB7E236A8DD200DFACFA /* LaunchScreen.storyboard in Resources */,
				7116EB7B236A8DD200DFACFA /* Assets.xcassets in Resources */,
				7116EB79236A8DD200DFACFA /* Main.storyboard in Resources */,
				7116EBA8236BA59700DFACFA /* Hammer.png in Resources */,
			);
			runOnlyForDeploymentPostprocessing = 0;
		};
/* End PBXResourcesBuildPhase section */

/* Begin PBXSourcesBuildPhase section */
		7116EB6C236A8DD200DFACFA /* Sources */ = {
			isa = PBXSourcesBuildPhase;
			buildActionMask = 2147483647;
			files = (
				7116EB76236A8DD200DFACFA /* ViewController.swift in Sources */,
				7116EB74236A8DD200DFACFA /* AppDelegate.swift in Sources */,
			);
			runOnlyForDeploymentPostprocessing = 0;
		};
/* End PBXSourcesBuildPhase section */

/* Begin PBXVariantGroup section */
		7116EB77236A8DD200DFACFA /* Main.storyboard */ = {
			isa = PBXVariantGroup;
			children = (
				7116EB78236A8DD200DFACFA /* Base */,
			);
			name = Main.storyboard;
			sourceTree = "<group>";
		};
		7116EB7C236A8DD200DFACFA /* LaunchScreen.storyboard */ = {
			isa = PBXVariantGroup;
			children = (
				7116EB7D236A8DD200DFACFA /* Base */,
			);
			name = LaunchScreen.storyboard;
			sourceTree = "<group>";
		};
/* End PBXVariantGroup section */

/* Begin XCBuildConfiguration section */
		7116EB80236A8DD200DFACFA /* Debug */ = {
			isa = XCBuildConfiguration;
			buildSettings = {
				ALWAYS_SEARCH_USER_PATHS = NO;
				CLANG_ANALYZER_NONNULL = YES;
				CLANG_ANALYZER_NUMBER_OBJECT_CONVERSION = YES_AGGRESSIVE;
				CLANG_CXX_LANGUAGE_STANDARD = "gnu++14";
				CLANG_CXX_LIBRARY = "libc++";
				CLANG_ENABLE_MODULES = YES;
				CLANG_ENABLE_OBJC_ARC = YES;
				CLANG_ENABLE_OBJC_WEAK = YES;
				CLANG_WARN_BLOCK_CAPTURE_AUTORELEASING = YES;
				CLANG_WARN_BOOL_CONVERSION = YES;
				CLANG_WARN_COMMA = YES;
				CLANG_WARN_CONSTANT_CONVERSION = YES;
				CLANG_WARN_DEPRECATED_OBJC_IMPLEMENTATIONS = YES;
				CLANG_WARN_DIRECT_OBJC_ISA_USAGE = YES_ERROR;
				CLANG_WARN_DOCUMENTATION_COMMENTS = YES;
				CLANG_WARN_EMPTY_BODY = YES;
				CLANG_WARN_ENUM_CONVERSION = YES;
				CLANG_WARN_INFINITE_RECURSION = YES;
				CLANG_WARN_INT_CONVERSION = YES;
				CLANG_WARN_NON_LITERAL_NULL_CONVERSION = YES;
				CLANG_WARN_OBJC_IMPLICIT_RETAIN_SELF = YES;
				CLANG_WARN_OBJC_LITERAL_CONVERSION = YES;
				CLANG_WARN_OBJC_ROOT_CLASS = YES_ERROR;
				CLANG_WARN_RANGE_LOOP_ANALYSIS = YES;
				CLANG_WARN_STRICT_PROTOTYPES = YES;
				CLANG_WARN_SUSPICIOUS_MOVE = YES;
				CLANG_WARN_UNGUARDED_AVAILABILITY = YES_AGGRESSIVE;
				CLANG_WARN_UNREACHABLE_CODE = YES;
				CLANG_WARN__DUPLICATE_METHOD_MATCH = YES;
				CODE_SIGN_IDENTITY = "iPhone Developer";
				COPY_PHASE_STRIP = NO;
				DEBUG_INFORMATION_FORMAT = dwarf;
				ENABLE_STRICT_OBJC_MSGSEND = YES;
				ENABLE_TESTABILITY = YES;
				GCC_C_LANGUAGE_STANDARD = gnu11;
				GCC_DYNAMIC_NO_PIC = NO;
				GCC_NO_COMMON_BLOCKS = YES;
				GCC_OPTIMIZATION_LEVEL = 0;
				GCC_PREPROCESSOR_DEFINITIONS = (
					"DEBUG=1",
					"$(inherited)",
				);
				GCC_WARN_64_TO_32_BIT_CONVERSION = YES;
				GCC_WARN_ABOUT_RETURN_TYPE = YES_ERROR;
				GCC_WARN_UNDECLARED_SELECTOR = YES;
				GCC_WARN_UNINITIALIZED_AUTOS = YES_AGGRESSIVE;
				GCC_WARN_UNUSED_FUNCTION = YES;
				GCC_WARN_UNUSED_VARIABLE = YES;
				IPHONEOS_DEPLOYMENT_TARGET = 12.4;
				MTL_ENABLE_DEBUG_INFO = INCLUDE_SOURCE;
				MTL_FAST_MATH = YES;
				ONLY_ACTIVE_ARCH = YES;
				SDKROOT = iphoneos;
				SWIFT_ACTIVE_COMPILATION_CONDITIONS = DEBUG;
				SWIFT_OPTIMIZATION_LEVEL = "-Onone";
			};
			name = Debug;
		};
		7116EB81236A8DD200DFACFA /* Release */ = {
			isa = XCBuildConfiguration;
			buildSettings = {
				ALWAYS_SEARCH_USER_PATHS = NO;
				CLANG_ANALYZER_NONNULL = YES;
				CLANG_ANALYZER_NUMBER_OBJECT_CONVERSION = YES_AGGRESSIVE;
				CLANG_CXX_LANGUAGE_STANDARD = "gnu++14";
				CLANG_CXX_LIBRARY = "libc++";
				CLANG_ENABLE_MODULES = YES;
				CLANG_ENABLE_OBJC_ARC = YES;
				CLANG_ENABLE_OBJC_WEAK = YES;
				CLANG_WARN_BLOCK_CAPTURE_AUTORELEASING = YES;
				CLANG_WARN_BOOL_CONVERSION = YES;
				CLANG_WARN_COMMA = YES;
				CLANG_WARN_CONSTANT_CONVERSION = YES;
				CLANG_WARN_DEPRECATED_OBJC_IMPLEMENTATIONS = YES;
				CLANG_WARN_DIRECT_OBJC_ISA_USAGE = YES_ERROR;
				CLANG_WARN_DOCUMENTATION_COMMENTS = YES;
				CLANG_WARN_EMPTY_BODY = YES;
				CLANG_WARN_ENUM_CONVERSION = YES;
				CLANG_WARN_INFINITE_RECURSION = YES;
				CLANG_WARN_INT_CONVERSION = YES;
				CLANG_WARN_NON_LITERAL_NULL_CONVERSION = YES;
				CLANG_WARN_OBJC_IMPLICIT_RETAIN_SELF = YES;
				CLANG_WARN_OBJC_LITERAL_CONVERSION = YES;
				CLANG_WARN_OBJC_ROOT_CLASS = YES_ERROR;
				CLANG_WARN_RANGE_LOOP_ANALYSIS = YES;
				CLANG_WARN_STRICT_PROTOTYPES = YES;
				CLANG_WARN_SUSPICIOUS_MOVE = YES;
				CLANG_WARN_UNGUARDED_AVAILABILITY = YES_AGGRESSIVE;
				CLANG_WARN_UNREACHABLE_CODE = YES;
				CLANG_WARN__DUPLICATE_METHOD_MATCH = YES;
				CODE_SIGN_IDENTITY = "iPhone Developer";
				COPY_PHASE_STRIP = NO;
				DEBUG_INFORMATION_FORMAT = "dwarf-with-dsym";
				ENABLE_NS_ASSERTIONS = NO;
				ENABLE_STRICT_OBJC_MSGSEND = YES;
				GCC_C_LANGUAGE_STANDARD = gnu11;
				GCC_NO_COMMON_BLOCKS = YES;
				GCC_WARN_64_TO_32_BIT_CONVERSION = YES;
				GCC_WARN_ABOUT_RETURN_TYPE = YES_ERROR;
				GCC_WARN_UNDECLARED_SELECTOR = YES;
				GCC_WARN_UNINITIALIZED_AUTOS = YES_AGGRESSIVE;
				GCC_WARN_UNUSED_FUNCTION = YES;
				GCC_WARN_UNUSED_VARIABLE = YES;
				IPHONEOS_DEPLOYMENT_TARGET = 12.4;
				MTL_ENABLE_DEBUG_INFO = NO;
				MTL_FAST_MATH = YES;
				SDKROOT = iphoneos;
				SWIFT_COMPILATION_MODE = wholemodule;
				SWIFT_OPTIMIZATION_LEVEL = "-O";
				VALIDATE_PRODUCT = YES;
			};
			name = Release;
		};
		7116EB83236A8DD200DFACFA /* Debug */ = {
			isa = XCBuildConfiguration;
			buildSettings = {
				ASSETCATALOG_COMPILER_APPICON_NAME = AppIcon;
				CODE_SIGN_STYLE = Automatic;
				INFOPLIST_FILE = "Midterm Part-1/Info.plist";
				LD_RUNPATH_SEARCH_PATHS = (
					"$(inherited)",
					"@executable_path/Frameworks",
				);
				PRODUCT_BUNDLE_IDENTIFIER = "com.Srinath.Midterm-Part-1";
				PRODUCT_NAME = "$(TARGET_NAME)";
				SWIFT_VERSION = 5.0;
				TARGETED_DEVICE_FAMILY = "1,2";
			};
			name = Debug;
		};
		7116EB84236A8DD200DFACFA /* Release */ = {
			isa = XCBuildConfiguration;
			buildSettings = {
				ASSETCATALOG_COMPILER_APPICON_NAME = AppIcon;
				CODE_SIGN_STYLE = Automatic;
				INFOPLIST_FILE = "Midterm Part-1/Info.plist";
				LD_RUNPATH_SEARCH_PATHS = (
					"$(inherited)",
					"@executable_path/Frameworks",
				);
				PRODUCT_BUNDLE_IDENTIFIER = "com.Srinath.Midterm-Part-1";
				PRODUCT_NAME = "$(TARGET_NAME)";
				SWIFT_VERSION = 5.0;
				TARGETED_DEVICE_FAMILY = "1,2";
			};
			name = Release;
		};
/* End XCBuildConfiguration section */

/* Begin XCConfigurationList section */
		7116EB6B236A8DD200DFACFA /* Build configuration list for PBXProject "Midterm Part-1" */ = {
			isa = XCConfigurationList;
			buildConfigurations = (
				7116EB80236A8DD200DFACFA /* Debug */,
				7116EB81236A8DD200DFACFA /* Release */,
			);
			defaultConfigurationIsVisible = 0;
			defaultConfigurationName = Release;
		};
		7116EB82236A8DD200DFACFA /* Build configuration list for PBXNativeTarget "Midterm Part-1" */ = {
			isa = XCConfigurationList;
			buildConfigurations = (
				7116EB83236A8DD200DFACFA /* Debug */,
				7116EB84236A8DD200DFACFA /* Release */,
			);
			defaultConfigurationIsVisible = 0;
			defaultConfigurationName = Release;
		};
/* End XCConfigurationList section */
	};
	rootObject = 7116EB68236A8DD200DFACFA /* Project object */;
}
